Microsoft Visual Studio Solution File, Format Version 12.00
# Visual Studio 14
VisualStudioVersion = 14.0.25420.1
MinimumVisualStudioVersion = 10.0.40219.1
Project("{FAE04EC0-301F-11D3-BF4B-00C04F79EFBC}") = "IBSG4_Driver_FX46", "IBSG4_Driver_FX46.csproj", "{AD6694F8-1F40-4C23-8955-F59D8EBAD78F}"
EndProject
Project("{FAE04EC0-301F-11D3-BF4B-00C04F79EFBC}") = "Common_FX46", "..\Common_FX46\Common_FX46.csproj", "{47166A6E-2F8D-42FD-A554-51CFD45F66DB}"
EndProject
Project("{FAE04EC0-301F-11D3-BF4B-00C04F79EFBC}") = "PxC_Util", "..\PxC_Util\PxC_Util.csproj", "{C5E93855-762E-42D9-897A-0EEB890EB59B}"
EndProject
Project("{FAE04EC0-301F-11D3-BF4B-00C04F79EFBC}") = "HFI_Library_FX46", "..\HFI_Library_FX46\HFI_Library_FX46.csproj", "{CA73014C-5E80-4AF7-9734-5ED82499E749}"
EndProject
Project("{8BC9CEB8-8B4A-11D0-8D11-00A0C91BC942}") = "mebForModbusApp", "..\mebForModbusApp\mebForModbusApp.vcxproj", "{2E6ED84F-F07B-4921-9E3A-6974E4A208A7}"
EndProject
Project("{FAE04EC0-301F-11D3-BF4B-00C04F79EFBC}") = "VS2015 CS (ETH BK DI8 DO4)", "..\VS2015 CS (ETH BK DI8 DO4)\VS2015 CS (ETH BK DI8 DO4).csproj", "{C5DBCC64-5812-4180-AEA8-3B2F3C7AE050}"
EndProject
Project("{FAE04EC0-301F-11D3-BF4B-00C04F79EFBC}") = "HFI_Visu_FX46", "..\HFI_Visu_FX46\HFI_Visu_FX46.csproj", "{4DEC4D23-EE3E-4500-8404-C8B6C3E855C9}"
EndProject
Project("{FAE04EC0-301F-11D3-BF4B-00C04F79EFBC}") = "EasyModbus", "..\EasyModbus\EasyModbus.csproj", "{0835D92C-B4C2-48B4-B723-D944A7B1D63E}"
EndProject
Project("{FAE04EC0-301F-11D3-BF4B-00C04F79EFBC}") = "EasyModbusClientExample", "..\EasyModbusClientExample\EasyModbusClientExample.csproj", "{5A1FA36B-B2C2-4F7C-A2E8-98BB42C07DE5}"
EndProject
Project("{FAE04EC0-301F-11D3-BF4B-00C04F79EFBC}") = "ModbusAutotronAPI", "..\ModbusAutotronAPI\ModbusAutotronAPI.csproj", "{73290C69-96AB-43DC-B13E-824BAB31DF50}"
EndProject
Project("{FAE04EC0-301F-11D3-BF4B-00C04F79EFBC}") = "ModbusAutotronAPITest", "..\ModbusAutotronAPITest\ModbusAutotronAPITest.csproj", "{067456C0-086C-46A8-B37F-1405717B7BFC}"
EndProject
Global
	GlobalSection(SolutionConfigurationPlatforms) = preSolution
		Debug|Any CPU = Debug|Any CPU
		Debug|x64 = Debug|x64
		Debug|x86 = Debug|x86
		Release|Any CPU = Release|Any CPU
		Release|x64 = Release|x64
		Release|x86 = Release|x86
	EndGlobalSection
	GlobalSection(ProjectConfigurationPlatforms) = postSolution
		{AD6694F8-1F40-4C23-8955-F59D8EBAD78F}.Debug|Any CPU.ActiveCfg = Debug|Any CPU
		{AD6694F8-1F40-4C23-8955-F59D8EBAD78F}.Debug|Any CPU.Build.0 = Debug|Any CPU
		{AD6694F8-1F40-4C23-8955-F59D8EBAD78F}.Debug|x64.ActiveCfg = Debug|x86
		{AD6694F8-1F40-4C23-8955-F59D8EBAD78F}.Debug|x64.Build.0 = Debug|x86
		{AD6694F8-1F40-4C23-8955-F59D8EBAD78F}.Debug|x86.ActiveCfg = Debug|x86
		{AD6694F8-1F40-4C23-8955-F59D8EBAD78F}.Debug|x86.Build.0 = Debug|x86
		{AD6694F8-1F40-4C23-8955-F59D8EBAD78F}.Release|Any CPU.ActiveCfg = Release|Any CPU
		{AD6694F8-1F40-4C23-8955-F59D8EBAD78F}.Release|Any CPU.Build.0 = Release|Any CPU
		{AD6694F8-1F40-4C23-8955-F59D8EBAD78F}.Release|x64.ActiveCfg = Release|Any CPU
		{AD6694F8-1F40-4C23-8955-F59D8EBAD78F}.Release|x64.Build.0 = Release|Any CPU
		{AD6694F8-1F40-4C23-8955-F59D8EBAD78F}.Release|x86.ActiveCfg = Release|x86
		{AD6694F8-1F40-4C23-8955-F59D8EBAD78F}.Release|x86.Build.0 = Release|x86
		{47166A6E-2F8D-42FD-A554-51CFD45F66DB}.Debug|Any CPU.ActiveCfg = Debug|Any CPU
		{47166A6E-2F8D-42FD-A554-51CFD45F66DB}.Debug|Any CPU.Build.0 = Debug|Any CPU
		{47166A6E-2F8D-42FD-A554-51CFD45F66DB}.Debug|x64.ActiveCfg = Debug|x86
		{47166A6E-2F8D-42FD-A554-51CFD45F66DB}.Debug|x64.Build.0 = Debug|x86
		{47166A6E-2F8D-42FD-A554-51CFD45F66DB}.Debug|x86.ActiveCfg = Debug|x86
		{47166A6E-2F8D-42FD-A554-51CFD45F66DB}.Debug|x86.Build.0 = Debug|x86
		{47166A6E-2F8D-42FD-A554-51CFD45F66DB}.Release|Any CPU.ActiveCfg = Release|Any CPU
		{47166A6E-2F8D-42FD-A554-51CFD45F66DB}.Release|Any CPU.Build.0 = Release|Any CPU
		{47166A6E-2F8D-42FD-A554-51CFD45F66DB}.Release|x64.ActiveCfg = Release|Any CPU
		{47166A6E-2F8D-42FD-A554-51CFD45F66DB}.Release|x64.Build.0 = Release|Any CPU
		{47166A6E-2F8D-42FD-A554-51CFD45F66DB}.Release|x86.ActiveCfg = Release|x86
		{47166A6E-2F8D-42FD-A554-51CFD45F66DB}.Release|x86.Build.0 = Release|x86
		{C5E93855-762E-42D9-897A-0EEB890EB59B}.Debug|Any CPU.ActiveCfg = Debug|Any CPU
		{C5E93855-762E-42D9-897A-0EEB890EB59B}.Debug|Any CPU.Build.0 = Debug|Any CPU
		{C5E93855-762E-42D9-897A-0EEB890EB59B}.Debug|x64.ActiveCfg = Debug|Any CPU
		{C5E93855-762E-42D9-897A-0EEB890EB59B}.Debug|x64.Build.0 = Debug|Any CPU
		{C5E93855-762E-42D9-897A-0EEB890EB59B}.Debug|x86.ActiveCfg = Debug|x86
		{C5E93855-762E-42D9-897A-0EEB890EB59B}.Debug|x86.Build.0 = Debug|x86
		{C5E93855-762E-42D9-897A-0EEB890EB59B}.Release|Any CPU.ActiveCfg = Release|Any CPU
		{C5E93855-762E-42D9-897A-0EEB890EB59B}.Release|Any CPU.Build.0 = Release|Any CPU
		{C5E93855-762E-42D9-897A-0EEB890EB59B}.Release|x64.ActiveCfg = Release|Any CPU
		{C5E93855-762E-42D9-897A-0EEB890EB59B}.Release|x64.Build.0 = Release|Any CPU
		{C5E93855-762E-42D9-897A-0EEB890EB59B}.Release|x86.ActiveCfg = Release|x86
		{C5E93855-762E-42D9-897A-0EEB890EB59B}.Release|x86.Build.0 = Release|x86
		{CA73014C-5E80-4AF7-9734-5ED82499E749}.Debug|Any CPU.ActiveCfg = Debug|Any CPU
		{CA73014C-5E80-4AF7-9734-5ED82499E749}.Debug|Any CPU.Build.0 = Debug|Any CPU
		{CA73014C-5E80-4AF7-9734-5ED82499E749}.Debug|x64.ActiveCfg = Debug|x86
		{CA73014C-5E80-4AF7-9734-5ED82499E749}.Debug|x64.Build.0 = Debug|x86
		{CA73014C-5E80-4AF7-9734-5ED82499E749}.Debug|x86.ActiveCfg = Debug|x86
		{CA73014C-5E80-4AF7-9734-5ED82499E749}.Debug|x86.Build.0 = Debug|x86
		{CA73014C-5E80-4AF7-9734-5ED82499E749}.Release|Any CPU.ActiveCfg = Release|Any CPU
		{CA73014C-5E80-4AF7-9734-5ED82499E749}.Release|Any CPU.Build.0 = Release|Any CPU
		{CA73014C-5E80-4AF7-9734-5ED82499E749}.Release|x64.ActiveCfg = Release|Any CPU
		{CA73014C-5E80-4AF7-9734-5ED82499E749}.Release|x64.Build.0 = Release|Any CPU
		{CA73014C-5E80-4AF7-9734-5ED82499E749}.Release|x86.ActiveCfg = Release|x86
		{CA73014C-5E80-4AF7-9734-5ED82499E749}.Release|x86.Build.0 = Release|x86
		{2E6ED84F-F07B-4921-9E3A-6974E4A208A7}.Debug|Any CPU.ActiveCfg = Debug|Win32
		{2E6ED84F-F07B-4921-9E3A-6974E4A208A7}.Debug|x64.ActiveCfg = Debug|x64
		{2E6ED84F-F07B-4921-9E3A-6974E4A208A7}.Debug|x64.Build.0 = Debug|x64
		{2E6ED84F-F07B-4921-9E3A-6974E4A208A7}.Debug|x86.ActiveCfg = Debug|Win32
		{2E6ED84F-F07B-4921-9E3A-6974E4A208A7}.Debug|x86.Build.0 = Debug|Win32
		{2E6ED84F-F07B-4921-9E3A-6974E4A208A7}.Release|Any CPU.ActiveCfg = Release|Win32
		{2E6ED84F-F07B-4921-9E3A-6974E4A208A7}.Release|x64.ActiveCfg = Release|x64
		{2E6ED84F-F07B-4921-9E3A-6974E4A208A7}.Release|x64.Build.0 = Release|x64
		{2E6ED84F-F07B-4921-9E3A-6974E4A208A7}.Release|x86.ActiveCfg = Release|Win32
		{2E6ED84F-F07B-4921-9E3A-6974E4A208A7}.Release|x86.Build.0 = Release|Win32
		{C5DBCC64-5812-4180-AEA8-3B2F3C7AE050}.Debug|Any CPU.ActiveCfg = Debug|Any CPU
		{C5DBCC64-5812-4180-AEA8-3B2F3C7AE050}.Debug|x64.ActiveCfg = Debug|x86
		{C5DBCC64-5812-4180-AEA8-3B2F3C7AE050}.Debug|x86.ActiveCfg = Debug|x86
		{C5DBCC64-5812-4180-AEA8-3B2F3C7AE050}.Debug|x86.Build.0 = Debug|x86
		{C5DBCC64-5812-4180-AEA8-3B2F3C7AE050}.Release|Any CPU.ActiveCfg = Release|Any CPU
		{C5DBCC64-5812-4180-AEA8-3B2F3C7AE050}.Release|x64.ActiveCfg = Release|x86
		{C5DBCC64-5812-4180-AEA8-3B2F3C7AE050}.Release|x86.ActiveCfg = Release|x86
		{C5DBCC64-5812-4180-AEA8-3B2F3C7AE050}.Release|x86.Build.0 = Release|x86
		{4DEC4D23-EE3E-4500-8404-C8B6C3E855C9}.Debug|Any CPU.ActiveCfg = Debug|Any CPU
		{4DEC4D23-EE3E-4500-8404-C8B6C3E855C9}.Debug|Any CPU.Build.0 = Debug|Any CPU
		{4DEC4D23-EE3E-4500-8404-C8B6C3E855C9}.Debug|x64.ActiveCfg = Debug|Any CPU
		{4DEC4D23-EE3E-4500-8404-C8B6C3E855C9}.Debug|x64.Build.0 = Debug|Any CPU
		{4DEC4D23-EE3E-4500-8404-C8B6C3E855C9}.Debug|x86.ActiveCfg = Debug|x86
		{4DEC4D23-EE3E-4500-8404-C8B6C3E855C9}.Debug|x86.Build.0 = Debug|x86
		{4DEC4D23-EE3E-4500-8404-C8B6C3E855C9}.Release|Any CPU.ActiveCfg = Release|Any CPU
		{4DEC4D23-EE3E-4500-8404-C8B6C3E855C9}.Release|Any CPU.Build.0 = Release|Any CPU
		{4DEC4D23-EE3E-4500-8404-C8B6C3E855C9}.Release|x64.ActiveCfg = Release|Any CPU
		{4DEC4D23-EE3E-4500-8404-C8B6C3E855C9}.Release|x64.Build.0 = Release|Any CPU
		{4DEC4D23-EE3E-4500-8404-C8B6C3E855C9}.Release|x86.ActiveCfg = Release|x86
		{4DEC4D23-EE3E-4500-8404-C8B6C3E855C9}.Release|x86.Build.0 = Release|x86
		{0835D92C-B4C2-48B4-B723-D944A7B1D63E}.Debug|Any CPU.ActiveCfg = Debug|Any CPU
		{0835D92C-B4C2-48B4-B723-D944A7B1D63E}.Debug|Any CPU.Build.0 = Debug|Any CPU
		{0835D92C-B4C2-48B4-B723-D944A7B1D63E}.Debug|x64.ActiveCfg = Debug|Any CPU
		{0835D92C-B4C2-48B4-B723-D944A7B1D63E}.Debug|x64.Build.0 = Debug|Any CPU
		{0835D92C-B4C2-48B4-B723-D944A7B1D63E}.Debug|x86.ActiveCfg = Debug|x86
		{0835D92C-B4C2-48B4-B723-D944A7B1D63E}.Debug|x86.Build.0 = Debug|x86
		{0835D92C-B4C2-48B4-B723-D944A7B1D63E}.Release|Any CPU.ActiveCfg = Release|Any CPU
		{0835D92C-B4C2-48B4-B723-D944A7B1D63E}.Release|Any CPU.Build.0 = Release|Any CPU
		{0835D92C-B4C2-48B4-B723-D944A7B1D63E}.Release|x64.ActiveCfg = Release|Any CPU
		{0835D92C-B4C2-48B4-B723-D944A7B1D63E}.Release|x64.Build.0 = Release|Any CPU
		{0835D92C-B4C2-48B4-B723-D944A7B1D63E}.Release|x86.ActiveCfg = Release|x86
		{0835D92C-B4C2-48B4-B723-D944A7B1D63E}.Release|x86.Build.0 = Release|x86
		{5A1FA36B-B2C2-4F7C-A2E8-98BB42C07DE5}.Debug|Any CPU.ActiveCfg = Debug|Any CPU
		{5A1FA36B-B2C2-4F7C-A2E8-98BB42C07DE5}.Debug|Any CPU.Build.0 = Debug|Any CPU
		{5A1FA36B-B2C2-4F7C-A2E8-98BB42C07DE5}.Debug|x64.ActiveCfg = Debug|Any CPU
		{5A1FA36B-B2C2-4F7C-A2E8-98BB42C07DE5}.Debug|x64.Build.0 = Debug|Any CPU
		{5A1FA36B-B2C2-4F7C-A2E8-98BB42C07DE5}.Debug|x86.ActiveCfg = Debug|Any CPU
		{5A1FA36B-B2C2-4F7C-A2E8-98BB42C07DE5}.Debug|x86.Build.0 = Debug|Any CPU
		{5A1FA36B-B2C2-4F7C-A2E8-98BB42C07DE5}.Release|Any CPU.ActiveCfg = Release|Any CPU
		{5A1FA36B-B2C2-4F7C-A2E8-98BB42C07DE5}.Release|Any CPU.Build.0 = Release|Any CPU
		{5A1FA36B-B2C2-4F7C-A2E8-98BB42C07DE5}.Release|x64.ActiveCfg = Release|Any CPU
		{5A1FA36B-B2C2-4F7C-A2E8-98BB42C07DE5}.Release|x64.Build.0 = Release|Any CPU
		{5A1FA36B-B2C2-4F7C-A2E8-98BB42C07DE5}.Release|x86.ActiveCfg = Release|Any CPU
		{5A1FA36B-B2C2-4F7C-A2E8-98BB42C07DE5}.Release|x86.Build.0 = Release|Any CPU
		{73290C69-96AB-43DC-B13E-824BAB31DF50}.Debug|Any CPU.ActiveCfg = Debug|Any CPU
		{73290C69-96AB-43DC-B13E-824BAB31DF50}.Debug|Any CPU.Build.0 = Debug|Any CPU
		{73290C69-96AB-43DC-B13E-824BAB31DF50}.Debug|x64.ActiveCfg = Debug|Any CPU
		{73290C69-96AB-43DC-B13E-824BAB31DF50}.Debug|x64.Build.0 = Debug|Any CPU
		{73290C69-96AB-43DC-B13E-824BAB31DF50}.Debug|x86.ActiveCfg = Debug|Any CPU
		{73290C69-96AB-43DC-B13E-824BAB31DF50}.Debug|x86.Build.0 = Debug|Any CPU
		{73290C69-96AB-43DC-B13E-824BAB31DF50}.Release|Any CPU.ActiveCfg = Release|Any CPU
		{73290C69-96AB-43DC-B13E-824BAB31DF50}.Release|Any CPU.Build.0 = Release|Any CPU
		{73290C69-96AB-43DC-B13E-824BAB31DF50}.Release|x64.ActiveCfg = Release|Any CPU
		{73290C69-96AB-43DC-B13E-824BAB31DF50}.Release|x64.Build.0 = Release|Any CPU
		{73290C69-96AB-43DC-B13E-824BAB31DF50}.Release|x86.ActiveCfg = Release|Any CPU
		{73290C69-96AB-43DC-B13E-824BAB31DF50}.Release|x86.Build.0 = Release|Any CPU
		{067456C0-086C-46A8-B37F-1405717B7BFC}.Debug|Any CPU.ActiveCfg = Debug|Any CPU
		{067456C0-086C-46A8-B37F-1405717B7BFC}.Debug|Any CPU.Build.0 = Debug|Any CPU
		{067456C0-086C-46A8-B37F-1405717B7BFC}.Debug|x64.ActiveCfg = Debug|Any CPU
		{067456C0-086C-46A8-B37F-1405717B7BFC}.Debug|x64.Build.0 = Debug|Any CPU
		{067456C0-086C-46A8-B37F-1405717B7BFC}.Debug|x86.ActiveCfg = Debug|Any CPU
		{067456C0-086C-46A8-B37F-1405717B7BFC}.Debug|x86.Build.0 = Debug|Any CPU
		{067456C0-086C-46A8-B37F-1405717B7BFC}.Release|Any CPU.ActiveCfg = Release|Any CPU
		{067456C0-086C-46A8-B37F-1405717B7BFC}.Release|Any CPU.Build.0 = Release|Any CPU
		{067456C0-086C-46A8-B37F-1405717B7BFC}.Release|x64.ActiveCfg = Release|Any CPU
		{067456C0-086C-46A8-B37F-1405717B7BFC}.Release|x64.Build.0 = Release|Any CPU
		{067456C0-086C-46A8-B37F-1405717B7BFC}.Release|x86.ActiveCfg = Release|Any CPU
		{067456C0-086C-46A8-B37F-1405717B7BFC}.Release|x86.Build.0 = Release|Any CPU
	EndGlobalSection
	GlobalSection(SolutionProperties) = preSolution
		HideSolutionNode = FALSE
	EndGlobalSection
EndGlobal
